// !$*UTF8*$!
{
	archiveVersion = 1;
	classes = {
	};
	objectVersion = 77;
	objects = {

/* Begin PBXBuildFile section */
		BF17A67C2D73419000477794 /* main_view_controller.cpp in Sources */ = {isa = PBXBuildFile; fileRef = BF17A67A2D73419000477794 /* main_view_controller.cpp */; };
		BF40AC892E74A908000EB85D /* toolbox_view_controller.cpp in Sources */ = {isa = PBXBuildFile; fileRef = BF40AC882E74A908000EB85D /* toolbox_view_controller.cpp */; };
		BF40ADA92E762106000EB85D /* rectangle.png in Resources */ = {isa = PBXBuildFile; fileRef = BF40ADA82E762106000EB85D /* rectangle.png */; };
		BF40AE372E76B758000EB85D /* gearshape.png in Resources */ = {isa = PBXBuildFile; fileRef = BF40AE362E76B758000EB85D /* gearshape.png */; };
		BF40AE392E76D05F000EB85D /* images-config.json in Resources */ = {isa = PBXBuildFile; fileRef = BF40AE382E76D05F000EB85D /* images-config.json */; };
		BF40AF542E77FB3B000EB85D /* main_window.cpp in Sources */ = {isa = PBXBuildFile; fileRef = BF40AF532E77FB3B000EB85D /* main_window.cpp */; };
		BF40AFEE2E7EA260000EB85D /* textbox.png in Resources */ = {isa = PBXBuildFile; fileRef = BF40AFED2E7EA260000EB85D /* textbox.png */; };
		BF40B07F2E7F5A07000EB85D /* libboost_json.a in Frameworks */ = {isa = PBXBuildFile; fileRef = BF40B07E2E7F5A07000EB85D /* libboost_json.a */; };
		BF40B09D2E83E127000EB85D /* libfreetype.a in Frameworks */ = {isa = PBXBuildFile; fileRef = BF40B09C2E83E127000EB85D /* libfreetype.a */; };
		BF40B09F2E849084000EB85D /* libharfbuzz.a in Frameworks */ = {isa = PBXBuildFile; fileRef = BF40B09E2E849084000EB85D /* libharfbuzz.a */; };
		BF54B2912E68A48D00F7D4F9 /* canvas_view_controller.cpp in Sources */ = {isa = PBXBuildFile; fileRef = BF54B2902E68A48C00F7D4F9 /* canvas_view_controller.cpp */; };
		BF54B3AB2E697D0100F7D4F9 /* MetalKit.framework in Frameworks */ = {isa = PBXBuildFile; fileRef = BF54B3AA2E697D0100F7D4F9 /* MetalKit.framework */; };
		BF9759C92D6C9DA6000E9A16 /* libboden-gui.a in Frameworks */ = {isa = PBXBuildFile; fileRef = BF9759C82D6C9DA6000E9A16 /* libboden-gui.a */; };
		BFC989C32E92A01C00566F80 /* hover_button.cpp in Sources */ = {isa = PBXBuildFile; fileRef = BFC989C12E92A01C00566F80 /* hover_button.cpp */; };
		BFC989C42E92A01C00566F80 /* rectangle.cpp in Sources */ = {isa = PBXBuildFile; fileRef = BFC989BC2E92A01C00566F80 /* rectangle.cpp */; };
		BFC989C52E92A01C00566F80 /* shape.cpp in Sources */ = {isa = PBXBuildFile; fileRef = BFC989BE2E92A01C00566F80 /* shape.cpp */; };
		BFC989C82E92A0A300566F80 /* textbox.cpp in Sources */ = {isa = PBXBuildFile; fileRef = BFC989C72E92A0A300566F80 /* textbox.cpp */; };
		BFC989CA2E92D86800566F80 /* fonts-config.json in Resources */ = {isa = PBXBuildFile; fileRef = BFC989C92E92D86800566F80 /* fonts-config.json */; };
		BFC989CF2E96A94600566F80 /* NotoSans-Regular.ttf in Resources */ = {isa = PBXBuildFile; fileRef = BFC989CE2E96A94600566F80 /* NotoSans-Regular.ttf */; };
/* End PBXBuildFile section */

/* Begin PBXFileReference section */
		BF17A6792D73419000477794 /* main_view_controller.hpp */ = {isa = PBXFileReference; lastKnownFileType = sourcecode.cpp.h; path = main_view_controller.hpp; sourceTree = "<group>"; };
		BF17A67A2D73419000477794 /* main_view_controller.cpp */ = {isa = PBXFileReference; lastKnownFileType = sourcecode.cpp.cpp; path = main_view_controller.cpp; sourceTree = "<group>"; };
		BF40AC872E74A908000EB85D /* toolbox_view_controller.hpp */ = {isa = PBXFileReference; lastKnownFileType = sourcecode.cpp.h; path = toolbox_view_controller.hpp; sourceTree = "<group>"; };
		BF40AC882E74A908000EB85D /* toolbox_view_controller.cpp */ = {isa = PBXFileReference; lastKnownFileType = sourcecode.cpp.cpp; path = toolbox_view_controller.cpp; sourceTree = "<group>"; };
		BF40ADA82E762106000EB85D /* rectangle.png */ = {isa = PBXFileReference; lastKnownFileType = image.png; path = rectangle.png; sourceTree = "<group>"; };
		BF40AE362E76B758000EB85D /* gearshape.png */ = {isa = PBXFileReference; lastKnownFileType = image.png; path = gearshape.png; sourceTree = "<group>"; };
		BF40AE382E76D05F000EB85D /* images-config.json */ = {isa = PBXFileReference; lastKnownFileType = text.json; path = "images-config.json"; sourceTree = "<group>"; };
		BF40AF522E77FB3B000EB85D /* main_window.hpp */ = {isa = PBXFileReference; lastKnownFileType = sourcecode.cpp.h; path = main_window.hpp; sourceTree = "<group>"; };
		BF40AF532E77FB3B000EB85D /* main_window.cpp */ = {isa = PBXFileReference; lastKnownFileType = sourcecode.cpp.cpp; path = main_window.cpp; sourceTree = "<group>"; };
		BF40AFE82E7C3DB9000EB85D /* color.hpp */ = {isa = PBXFileReference; lastKnownFileType = sourcecode.cpp.h; path = color.hpp; sourceTree = "<group>"; };
		BF40AFEC2E7C4E2C000EB85D /* shape_type.hpp */ = {isa = PBXFileReference; lastKnownFileType = sourcecode.cpp.h; path = shape_type.hpp; sourceTree = "<group>"; };
		BF40AFED2E7EA260000EB85D /* textbox.png */ = {isa = PBXFileReference; lastKnownFileType = image.png; path = textbox.png; sourceTree = "<group>"; };
		BF40B07E2E7F5A07000EB85D /* libboost_json.a */ = {isa = PBXFileReference; lastKnownFileType = archive.ar; name = libboost_json.a; path = ../../build/lib/libboost_json.a; sourceTree = "<group>"; };
		BF40B0832E83E115000EB85D /* mtl_buffer_manager.hpp */ = {isa = PBXFileReference; lastKnownFileType = sourcecode.cpp.h; path = mtl_buffer_manager.hpp; sourceTree = "<group>"; };
		BF40B0842E83E115000EB85D /* mtl_buffer_manager.cpp */ = {isa = PBXFileReference; lastKnownFileType = sourcecode.cpp.cpp; path = mtl_buffer_manager.cpp; sourceTree = "<group>"; };
		BF40B0852E83E115000EB85D /* mtl_cpp_init.cpp */ = {isa = PBXFileReference; lastKnownFileType = sourcecode.cpp.cpp; path = mtl_cpp_init.cpp; sourceTree = "<group>"; };
		BF40B0862E83E115000EB85D /* mtl_image_library.hpp */ = {isa = PBXFileReference; lastKnownFileType = sourcecode.cpp.h; path = mtl_image_library.hpp; sourceTree = "<group>"; };
		BF40B0872E83E115000EB85D /* mtl_image_library.cpp */ = {isa = PBXFileReference; lastKnownFileType = sourcecode.cpp.cpp; path = mtl_image_library.cpp; sourceTree = "<group>"; };
		BF40B0882E83E115000EB85D /* mtl_renderer.hpp */ = {isa = PBXFileReference; lastKnownFileType = sourcecode.cpp.h; path = mtl_renderer.hpp; sourceTree = "<group>"; };
		BF40B0892E83E115000EB85D /* mtl_renderer.cpp */ = {isa = PBXFileReference; lastKnownFileType = sourcecode.cpp.cpp; path = mtl_renderer.cpp; sourceTree = "<group>"; };
		BF40B08A2E83E115000EB85D /* osx_backend.hpp */ = {isa = PBXFileReference; lastKnownFileType = sourcecode.cpp.h; path = osx_backend.hpp; sourceTree = "<group>"; };
		BF40B08B2E83E115000EB85D /* osx_backend.mm */ = {isa = PBXFileReference; lastKnownFileType = sourcecode.cpp.objcpp; path = osx_backend.mm; sourceTree = "<group>"; };
		BF40B08C2E83E115000EB85D /* osx_queue.hpp */ = {isa = PBXFileReference; lastKnownFileType = sourcecode.cpp.h; path = osx_queue.hpp; sourceTree = "<group>"; };
		BF40B08D2E83E115000EB85D /* osx_queue.mm */ = {isa = PBXFileReference; lastKnownFileType = sourcecode.cpp.objcpp; path = osx_queue.mm; sourceTree = "<group>"; };
		BF40B08E2E83E115000EB85D /* utils.hpp */ = {isa = PBXFileReference; lastKnownFileType = sourcecode.cpp.h; path = utils.hpp; sourceTree = "<group>"; };
		BF40B08F2E83E115000EB85D /* utils.mm */ = {isa = PBXFileReference; lastKnownFileType = sourcecode.cpp.objcpp; path = utils.mm; sourceTree = "<group>"; };
		BF40B0912E83E115000EB85D /* AppDelegate.h */ = {isa = PBXFileReference; lastKnownFileType = sourcecode.c.h; path = AppDelegate.h; sourceTree = "<group>"; };
		BF40B0922E83E115000EB85D /* AppDelegate.mm */ = {isa = PBXFileReference; lastKnownFileType = sourcecode.cpp.objcpp; path = AppDelegate.mm; sourceTree = "<group>"; };
		BF40B0932E83E115000EB85D /* Assets.xcassets */ = {isa = PBXFileReference; lastKnownFileType = folder.assetcatalog; path = Assets.xcassets; sourceTree = "<group>"; };
		BF40B0942E83E115000EB85D /* boden-osx.entitlements */ = {isa = PBXFileReference; lastKnownFileType = text.plist.entitlements; path = "boden-osx.entitlements"; sourceTree = "<group>"; };
		BF40B0952E83E115000EB85D /* main.m */ = {isa = PBXFileReference; lastKnownFileType = sourcecode.c.objc; path = main.m; sourceTree = "<group>"; };
		BF40B0962E83E115000EB85D /* RenderViewProvider.h */ = {isa = PBXFileReference; lastKnownFileType = sourcecode.c.h; path = RenderViewProvider.h; sourceTree = "<group>"; };
		BF40B0972E83E115000EB85D /* View.h */ = {isa = PBXFileReference; lastKnownFileType = sourcecode.c.h; path = View.h; sourceTree = "<group>"; };
		BF40B0982E83E115000EB85D /* View.m */ = {isa = PBXFileReference; lastKnownFileType = sourcecode.c.objc; path = View.m; sourceTree = "<group>"; };
		BF40B0992E83E115000EB85D /* ViewController.h */ = {isa = PBXFileReference; lastKnownFileType = sourcecode.c.h; path = ViewController.h; sourceTree = "<group>"; };
		BF40B09A2E83E115000EB85D /* ViewController.mm */ = {isa = PBXFileReference; lastKnownFileType = sourcecode.cpp.objcpp; path = ViewController.mm; sourceTree = "<group>"; };
		BF40B09C2E83E127000EB85D /* libfreetype.a */ = {isa = PBXFileReference; lastKnownFileType = archive.ar; name = libfreetype.a; path = ../../build/lib/libfreetype.a; sourceTree = "<group>"; };
		BF40B09E2E849084000EB85D /* libharfbuzz.a */ = {isa = PBXFileReference; lastKnownFileType = archive.ar; name = libharfbuzz.a; path = ../../build/lib/libharfbuzz.a; sourceTree = "<group>"; };
		BF54B28F2E68A48C00F7D4F9 /* canvas_view_controller.hpp */ = {isa = PBXFileReference; lastKnownFileType = sourcecode.cpp.h; path = canvas_view_controller.hpp; sourceTree = "<group>"; };
		BF54B2902E68A48C00F7D4F9 /* canvas_view_controller.cpp */ = {isa = PBXFileReference; lastKnownFileType = sourcecode.cpp.cpp; path = canvas_view_controller.cpp; sourceTree = "<group>"; };
		BF54B3AA2E697D0100F7D4F9 /* MetalKit.framework */ = {isa = PBXFileReference; lastKnownFileType = wrapper.framework; name = MetalKit.framework; path = System/Library/Frameworks/MetalKit.framework; sourceTree = SDKROOT; };
		BF9757F22D6C7871000E9A16 /* osx-ppt.app */ = {isa = PBXFileReference; explicitFileType = wrapper.application; includeInIndex = 0; path = "osx-ppt.app"; sourceTree = BUILT_PRODUCTS_DIR; };
		BF9759C82D6C9DA6000E9A16 /* libboden-gui.a */ = {isa = PBXFileReference; lastKnownFileType = archive.ar; name = "libboden-gui.a"; path = "../../build/lib/libboden-gui.a"; sourceTree = "<group>"; };
		BFC989BB2E92A01C00566F80 /* rectangle.hpp */ = {isa = PBXFileReference; lastKnownFileType = sourcecode.cpp.h; path = rectangle.hpp; sourceTree = "<group>"; };
		BFC989BC2E92A01C00566F80 /* rectangle.cpp */ = {isa = PBXFileReference; lastKnownFileType = sourcecode.cpp.cpp; path = rectangle.cpp; sourceTree = "<group>"; };
		BFC989BD2E92A01C00566F80 /* shape.hpp */ = {isa = PBXFileReference; lastKnownFileType = sourcecode.cpp.h; path = shape.hpp; sourceTree = "<group>"; };
		BFC989BE2E92A01C00566F80 /* shape.cpp */ = {isa = PBXFileReference; lastKnownFileType = sourcecode.cpp.cpp; path = shape.cpp; sourceTree = "<group>"; };
		BFC989C02E92A01C00566F80 /* hover_button.hpp */ = {isa = PBXFileReference; lastKnownFileType = sourcecode.cpp.h; path = hover_button.hpp; sourceTree = "<group>"; };
		BFC989C12E92A01C00566F80 /* hover_button.cpp */ = {isa = PBXFileReference; lastKnownFileType = sourcecode.cpp.cpp; path = hover_button.cpp; sourceTree = "<group>"; };
		BFC989C62E92A0A300566F80 /* textbox.hpp */ = {isa = PBXFileReference; lastKnownFileType = sourcecode.cpp.h; path = textbox.hpp; sourceTree = "<group>"; };
		BFC989C72E92A0A300566F80 /* textbox.cpp */ = {isa = PBXFileReference; lastKnownFileType = sourcecode.cpp.cpp; path = textbox.cpp; sourceTree = "<group>"; };
		BFC989C92E92D86800566F80 /* fonts-config.json */ = {isa = PBXFileReference; lastKnownFileType = text.json; path = "fonts-config.json"; sourceTree = "<group>"; };
		BFC989CE2E96A94600566F80 /* NotoSans-Regular.ttf */ = {isa = PBXFileReference; lastKnownFileType = file; path = "NotoSans-Regular.ttf"; sourceTree = "<group>"; };
/* End PBXFileReference section */

/* Begin PBXFileSystemSynchronizedRootGroup section */
		BF9757F42D6C7871000E9A16 /* osx-ppt */ = {
			isa = PBXFileSystemSynchronizedRootGroup;
			path = "osx-ppt";
			sourceTree = "<group>";
		};
		BF975AA32D6CA522000E9A16 /* deps */ = {
			isa = PBXFileSystemSynchronizedRootGroup;
			path = deps;
			sourceTree = "<group>";
		};
/* End PBXFileSystemSynchronizedRootGroup section */

/* Begin PBXFrameworksBuildPhase section */
		BF9757EF2D6C7871000E9A16 /* Frameworks */ = {
			isa = PBXFrameworksBuildPhase;
			buildActionMask = 2147483647;
			files = (
				BF40B09F2E849084000EB85D /* libharfbuzz.a in Frameworks */,
				BF40B09D2E83E127000EB85D /* libfreetype.a in Frameworks */,
				BF9759C92D6C9DA6000E9A16 /* libboden-gui.a in Frameworks */,
				BF40B07F2E7F5A07000EB85D /* libboost_json.a in Frameworks */,
				BF54B3AB2E697D0100F7D4F9 /* MetalKit.framework in Frameworks */,
			);
			runOnlyForDeploymentPostprocessing = 0;
		};
/* End PBXFrameworksBuildPhase section */

/* Begin PBXGroup section */
		BF17A67B2D73419000477794 /* ppt */ = {
			isa = PBXGroup;
			children = (
				BF40ADA52E7620B9000EB85D /* resources */,
				BF40AFE92E7C3DB9000EB85D /* theme */,
				BFC989C22E92A01C00566F80 /* widget */,
				BF54B28F2E68A48C00F7D4F9 /* canvas_view_controller.hpp */,
				BF54B2902E68A48C00F7D4F9 /* canvas_view_controller.cpp */,
				BF40AFEC2E7C4E2C000EB85D /* shape_type.hpp */,
				BF40AC872E74A908000EB85D /* toolbox_view_controller.hpp */,
				BF40AC882E74A908000EB85D /* toolbox_view_controller.cpp */,
				BF17A6792D73419000477794 /* main_view_controller.hpp */,
				BF17A67A2D73419000477794 /* main_view_controller.cpp */,
				BF40AF522E77FB3B000EB85D /* main_window.hpp */,
				BF40AF532E77FB3B000EB85D /* main_window.cpp */,
			);
			name = ppt;
			path = ../../../app/ppt;
			sourceTree = "<group>";
		};
		BF40ADA32E7620B9000EB85D /* images */ = {
			isa = PBXGroup;
			children = (
				BF40AE382E76D05F000EB85D /* images-config.json */,
				BF40AE362E76B758000EB85D /* gearshape.png */,
				BF40ADA82E762106000EB85D /* rectangle.png */,
				BF40AFED2E7EA260000EB85D /* textbox.png */,
			);
			path = images;
			sourceTree = "<group>";
		};
		BF40ADA52E7620B9000EB85D /* resources */ = {
			isa = PBXGroup;
			children = (
				BF40B0812E83D99A000EB85D /* fonts */,
				BF40ADA32E7620B9000EB85D /* images */,
			);
			path = resources;
			sourceTree = "<group>";
		};
		BF40AFE92E7C3DB9000EB85D /* theme */ = {
			isa = PBXGroup;
			children = (
				BF40AFE82E7C3DB9000EB85D /* color.hpp */,
			);
			path = theme;
			sourceTree = "<group>";
		};
		BF40B0812E83D99A000EB85D /* fonts */ = {
			isa = PBXGroup;
			children = (
				BFC989C92E92D86800566F80 /* fonts-config.json */,
				BFC989CE2E96A94600566F80 /* NotoSans-Regular.ttf */,
			);
			path = fonts;
			sourceTree = "<group>";
		};
		BF40B0902E83E115000EB85D /* platform */ = {
			isa = PBXGroup;
			children = (
				BF40B0832E83E115000EB85D /* mtl_buffer_manager.hpp */,
				BF40B0842E83E115000EB85D /* mtl_buffer_manager.cpp */,
				BF40B0852E83E115000EB85D /* mtl_cpp_init.cpp */,
				BF40B0862E83E115000EB85D /* mtl_image_library.hpp */,
				BF40B0872E83E115000EB85D /* mtl_image_library.cpp */,
				BF40B0882E83E115000EB85D /* mtl_renderer.hpp */,
				BF40B0892E83E115000EB85D /* mtl_renderer.cpp */,
				BF40B08A2E83E115000EB85D /* osx_backend.hpp */,
				BF40B08B2E83E115000EB85D /* osx_backend.mm */,
				BF40B08C2E83E115000EB85D /* osx_queue.hpp */,
				BF40B08D2E83E115000EB85D /* osx_queue.mm */,
				BF40B08E2E83E115000EB85D /* utils.hpp */,
				BF40B08F2E83E115000EB85D /* utils.mm */,
			);
			path = platform;
			sourceTree = "<group>";
		};
		BF40B09B2E83E115000EB85D /* boden-osx */ = {
			isa = PBXGroup;
			children = (
				BF40B0902E83E115000EB85D /* platform */,
				BF40B0912E83E115000EB85D /* AppDelegate.h */,
				BF40B0922E83E115000EB85D /* AppDelegate.mm */,
				BF40B0932E83E115000EB85D /* Assets.xcassets */,
				BF40B0942E83E115000EB85D /* boden-osx.entitlements */,
				BF40B0952E83E115000EB85D /* main.m */,
				BF40B0962E83E115000EB85D /* RenderViewProvider.h */,
				BF40B0972E83E115000EB85D /* View.h */,
				BF40B0982E83E115000EB85D /* View.m */,
				BF40B0992E83E115000EB85D /* ViewController.h */,
				BF40B09A2E83E115000EB85D /* ViewController.mm */,
			);
			path = "boden-osx";
			sourceTree = "<group>";
		};
		BF9757E92D6C7871000E9A16 = {
			isa = PBXGroup;
			children = (
				BF9757F42D6C7871000E9A16 /* osx-ppt */,
				BF17A67B2D73419000477794 /* ppt */,
				BF975AA32D6CA522000E9A16 /* deps */,
				BF9759C72D6C9DA6000E9A16 /* Frameworks */,
				BF9757F32D6C7871000E9A16 /* Products */,
			);
			sourceTree = "<group>";
		};
		BF9757F32D6C7871000E9A16 /* Products */ = {
			isa = PBXGroup;
			children = (
				BF9757F22D6C7871000E9A16 /* osx-ppt.app */,
			);
			name = Products;
			sourceTree = "<group>";
		};
		BF9759C72D6C9DA6000E9A16 /* Frameworks */ = {
			isa = PBXGroup;
			children = (
				BF40B09E2E849084000EB85D /* libharfbuzz.a */,
				BF40B09C2E83E127000EB85D /* libfreetype.a */,
				BF40B09B2E83E115000EB85D /* boden-osx */,
				BF40B07E2E7F5A07000EB85D /* libboost_json.a */,
				BF54B3AA2E697D0100F7D4F9 /* MetalKit.framework */,
				BF9759C82D6C9DA6000E9A16 /* libboden-gui.a */,
			);
			name = Frameworks;
			sourceTree = "<group>";
		};
		BFC989BF2E92A01C00566F80 /* shape */ = {
			isa = PBXGroup;
			children = (
				BFC989C62E92A0A300566F80 /* textbox.hpp */,
				BFC989C72E92A0A300566F80 /* textbox.cpp */,
				BFC989BB2E92A01C00566F80 /* rectangle.hpp */,
				BFC989BC2E92A01C00566F80 /* rectangle.cpp */,
				BFC989BD2E92A01C00566F80 /* shape.hpp */,
				BFC989BE2E92A01C00566F80 /* shape.cpp */,
			);
			path = shape;
			sourceTree = "<group>";
		};
		BFC989C22E92A01C00566F80 /* widget */ = {
			isa = PBXGroup;
			children = (
				BFC989BF2E92A01C00566F80 /* shape */,
				BFC989C02E92A01C00566F80 /* hover_button.hpp */,
				BFC989C12E92A01C00566F80 /* hover_button.cpp */,
			);
			path = widget;
			sourceTree = "<group>";
		};
/* End PBXGroup section */

/* Begin PBXNativeTarget section */
		BF9757F12D6C7871000E9A16 /* osx-ppt */ = {
			isa = PBXNativeTarget;
			buildConfigurationList = BF9758052D6C7873000E9A16 /* Build configuration list for PBXNativeTarget "osx-ppt" */;
			buildPhases = (
				BF9757EE2D6C7871000E9A16 /* Sources */,
				BF9757EF2D6C7871000E9A16 /* Frameworks */,
				BF9757F02D6C7871000E9A16 /* Resources */,
			);
			buildRules = (
			);
			dependencies = (
			);
			fileSystemSynchronizedGroups = (
				BF9757F42D6C7871000E9A16 /* osx-ppt */,
				BF975AA32D6CA522000E9A16 /* deps */,
			);
			name = "osx-ppt";
			packageProductDependencies = (
			);
			productName = "boden-gui-osx";
			productReference = BF9757F22D6C7871000E9A16 /* osx-ppt.app */;
			productType = "com.apple.product-type.application";
		};
/* End PBXNativeTarget section */

/* Begin PBXProject section */
		BF9757EA2D6C7871000E9A16 /* Project object */ = {
			isa = PBXProject;
			attributes = {
				BuildIndependentTargetsInParallel = 1;
				LastUpgradeCheck = 1640;
				TargetAttributes = {
					BF9757F12D6C7871000E9A16 = {
						CreatedOnToolsVersion = 16.2;
					};
				};
			};
			buildConfigurationList = BF9757ED2D6C7871000E9A16 /* Build configuration list for PBXProject "osx-ppt" */;
			developmentRegion = en;
			hasScannedForEncodings = 0;
			knownRegions = (
				en,
				Base,
			);
			mainGroup = BF9757E92D6C7871000E9A16;
			minimizedProjectReferenceProxies = 1;
			preferredProjectObjectVersion = 77;
			productRefGroup = BF9757F32D6C7871000E9A16 /* Products */;
			projectDirPath = "";
			projectRoot = "";
			targets = (
				BF9757F12D6C7871000E9A16 /* osx-ppt */,
			);
		};
/* End PBXProject section */

/* Begin PBXResourcesBuildPhase section */
		BF9757F02D6C7871000E9A16 /* Resources */ = {
			isa = PBXResourcesBuildPhase;
			buildActionMask = 2147483647;
			files = (
				BF40AE392E76D05F000EB85D /* images-config.json in Resources */,
				BFC989CF2E96A94600566F80 /* NotoSans-Regular.ttf in Resources */,
				BF40ADA92E762106000EB85D /* rectangle.png in Resources */,
				BF40AFEE2E7EA260000EB85D /* textbox.png in Resources */,
				BFC989CA2E92D86800566F80 /* fonts-config.json in Resources */,
				BF40AE372E76B758000EB85D /* gearshape.png in Resources */,
			);
			runOnlyForDeploymentPostprocessing = 0;
		};
/* End PBXResourcesBuildPhase section */

/* Begin PBXSourcesBuildPhase section */
		BF9757EE2D6C7871000E9A16 /* Sources */ = {
			isa = PBXSourcesBuildPhase;
			buildActionMask = 2147483647;
			files = (
				BF40AC892E74A908000EB85D /* toolbox_view_controller.cpp in Sources */,
				BF40AF542E77FB3B000EB85D /* main_window.cpp in Sources */,
				BF54B2912E68A48D00F7D4F9 /* canvas_view_controller.cpp in Sources */,
				BF17A67C2D73419000477794 /* main_view_controller.cpp in Sources */,
				BFC989C32E92A01C00566F80 /* hover_button.cpp in Sources */,
				BFC989C42E92A01C00566F80 /* rectangle.cpp in Sources */,
				BFC989C52E92A01C00566F80 /* shape.cpp in Sources */,
				BFC989C82E92A0A300566F80 /* textbox.cpp in Sources */,
			);
			runOnlyForDeploymentPostprocessing = 0;
		};
/* End PBXSourcesBuildPhase section */

/* Begin XCBuildConfiguration section */
		BF9758032D6C7873000E9A16 /* Debug */ = {
			isa = XCBuildConfiguration;
			buildSettings = {
				ALWAYS_SEARCH_USER_PATHS = NO;
				ASSETCATALOG_COMPILER_GENERATE_SWIFT_ASSET_SYMBOL_EXTENSIONS = YES;
				CLANG_ANALYZER_NONNULL = YES;
				CLANG_ANALYZER_NUMBER_OBJECT_CONVERSION = YES_AGGRESSIVE;
				CLANG_CXX_LANGUAGE_STANDARD = "gnu++20";
				CLANG_ENABLE_MODULES = YES;
				CLANG_ENABLE_OBJC_ARC = YES;
				CLANG_ENABLE_OBJC_WEAK = YES;
				CLANG_WARN_BLOCK_CAPTURE_AUTORELEASING = YES;
				CLANG_WARN_BOOL_CONVERSION = YES;
				CLANG_WARN_COMMA = YES;
				CLANG_WARN_CONSTANT_CONVERSION = YES;
				CLANG_WARN_DEPRECATED_OBJC_IMPLEMENTATIONS = YES;
				CLANG_WARN_DIRECT_OBJC_ISA_USAGE = YES_ERROR;
				CLANG_WARN_DOCUMENTATION_COMMENTS = YES;
				CLANG_WARN_EMPTY_BODY = YES;
				CLANG_WARN_ENUM_CONVERSION = YES;
				CLANG_WARN_INFINITE_RECURSION = YES;
				CLANG_WARN_INT_CONVERSION = YES;
				CLANG_WARN_NON_LITERAL_NULL_CONVERSION = YES;
				CLANG_WARN_OBJC_IMPLICIT_RETAIN_SELF = YES;
				CLANG_WARN_OBJC_LITERAL_CONVERSION = YES;
				CLANG_WARN_OBJC_ROOT_CLASS = YES_ERROR;
				CLANG_WARN_QUOTED_INCLUDE_IN_FRAMEWORK_HEADER = YES;
				CLANG_WARN_RANGE_LOOP_ANALYSIS = YES;
				CLANG_WARN_STRICT_PROTOTYPES = YES;
				CLANG_WARN_SUSPICIOUS_MOVE = YES;
				CLANG_WARN_UNGUARDED_AVAILABILITY = YES_AGGRESSIVE;
				CLANG_WARN_UNREACHABLE_CODE = YES;
				CLANG_WARN__DUPLICATE_METHOD_MATCH = YES;
				COPY_PHASE_STRIP = NO;
				DEAD_CODE_STRIPPING = YES;
				DEBUG_INFORMATION_FORMAT = dwarf;
				DEVELOPMENT_TEAM = 5NJ6RQ9QCA;
				ENABLE_STRICT_OBJC_MSGSEND = YES;
				ENABLE_TESTABILITY = YES;
				ENABLE_USER_SCRIPT_SANDBOXING = YES;
				GCC_C_LANGUAGE_STANDARD = gnu17;
				GCC_DYNAMIC_NO_PIC = NO;
				GCC_NO_COMMON_BLOCKS = YES;
				GCC_OPTIMIZATION_LEVEL = 0;
				GCC_PREPROCESSOR_DEFINITIONS = (
					"DEBUG=1",
					"$(inherited)",
				);
				GCC_WARN_64_TO_32_BIT_CONVERSION = YES;
				GCC_WARN_ABOUT_RETURN_TYPE = YES_ERROR;
				GCC_WARN_UNDECLARED_SELECTOR = YES;
				GCC_WARN_UNINITIALIZED_AUTOS = YES_AGGRESSIVE;
				GCC_WARN_UNUSED_FUNCTION = YES;
				GCC_WARN_UNUSED_VARIABLE = YES;
				LOCALIZATION_PREFERS_STRING_CATALOGS = YES;
				MACOSX_DEPLOYMENT_TARGET = 15.2;
				MTL_ENABLE_DEBUG_INFO = INCLUDE_SOURCE;
				MTL_FAST_MATH = YES;
				ONLY_ACTIVE_ARCH = YES;
				SDKROOT = macosx;
			};
			name = Debug;
		};
		BF9758042D6C7873000E9A16 /* Release */ = {
			isa = XCBuildConfiguration;
			buildSettings = {
				ALWAYS_SEARCH_USER_PATHS = NO;
				ASSETCATALOG_COMPILER_GENERATE_SWIFT_ASSET_SYMBOL_EXTENSIONS = YES;
				CLANG_ANALYZER_NONNULL = YES;
				CLANG_ANALYZER_NUMBER_OBJECT_CONVERSION = YES_AGGRESSIVE;
				CLANG_CXX_LANGUAGE_STANDARD = "gnu++20";
				CLANG_ENABLE_MODULES = YES;
				CLANG_ENABLE_OBJC_ARC = YES;
				CLANG_ENABLE_OBJC_WEAK = YES;
				CLANG_WARN_BLOCK_CAPTURE_AUTORELEASING = YES;
				CLANG_WARN_BOOL_CONVERSION = YES;
				CLANG_WARN_COMMA = YES;
				CLANG_WARN_CONSTANT_CONVERSION = YES;
				CLANG_WARN_DEPRECATED_OBJC_IMPLEMENTATIONS = YES;
				CLANG_WARN_DIRECT_OBJC_ISA_USAGE = YES_ERROR;
				CLANG_WARN_DOCUMENTATION_COMMENTS = YES;
				CLANG_WARN_EMPTY_BODY = YES;
				CLANG_WARN_ENUM_CONVERSION = YES;
				CLANG_WARN_INFINITE_RECURSION = YES;
				CLANG_WARN_INT_CONVERSION = YES;
				CLANG_WARN_NON_LITERAL_NULL_CONVERSION = YES;
				CLANG_WARN_OBJC_IMPLICIT_RETAIN_SELF = YES;
				CLANG_WARN_OBJC_LITERAL_CONVERSION = YES;
				CLANG_WARN_OBJC_ROOT_CLASS = YES_ERROR;
				CLANG_WARN_QUOTED_INCLUDE_IN_FRAMEWORK_HEADER = YES;
				CLANG_WARN_RANGE_LOOP_ANALYSIS = YES;
				CLANG_WARN_STRICT_PROTOTYPES = YES;
				CLANG_WARN_SUSPICIOUS_MOVE = YES;
				CLANG_WARN_UNGUARDED_AVAILABILITY = YES_AGGRESSIVE;
				CLANG_WARN_UNREACHABLE_CODE = YES;
				CLANG_WARN__DUPLICATE_METHOD_MATCH = YES;
				COPY_PHASE_STRIP = NO;
				DEAD_CODE_STRIPPING = YES;
				DEBUG_INFORMATION_FORMAT = "dwarf-with-dsym";
				DEVELOPMENT_TEAM = 5NJ6RQ9QCA;
				ENABLE_NS_ASSERTIONS = NO;
				ENABLE_STRICT_OBJC_MSGSEND = YES;
				ENABLE_USER_SCRIPT_SANDBOXING = YES;
				GCC_C_LANGUAGE_STANDARD = gnu17;
				GCC_NO_COMMON_BLOCKS = YES;
				GCC_WARN_64_TO_32_BIT_CONVERSION = YES;
				GCC_WARN_ABOUT_RETURN_TYPE = YES_ERROR;
				GCC_WARN_UNDECLARED_SELECTOR = YES;
				GCC_WARN_UNINITIALIZED_AUTOS = YES_AGGRESSIVE;
				GCC_WARN_UNUSED_FUNCTION = YES;
				GCC_WARN_UNUSED_VARIABLE = YES;
				LOCALIZATION_PREFERS_STRING_CATALOGS = YES;
				MACOSX_DEPLOYMENT_TARGET = 15.2;
				MTL_ENABLE_DEBUG_INFO = NO;
				MTL_FAST_MATH = YES;
				SDKROOT = macosx;
			};
			name = Release;
		};
		BF9758062D6C7873000E9A16 /* Debug */ = {
			isa = XCBuildConfiguration;
			buildSettings = {
				ASSETCATALOG_COMPILER_APPICON_NAME = AppIcon;
				ASSETCATALOG_COMPILER_GLOBAL_ACCENT_COLOR_NAME = AccentColor;
				CODE_SIGN_ENTITLEMENTS = "osx-ppt/osx-ppt.entitlements";
				CODE_SIGN_STYLE = Automatic;
				COMBINE_HIDPI_IMAGES = YES;
				CURRENT_PROJECT_VERSION = 1;
				DEAD_CODE_STRIPPING = YES;
				ENABLE_HARDENED_RUNTIME = YES;
				GENERATE_INFOPLIST_FILE = YES;
				HEADER_SEARCH_PATHS = (
					"$(SRCROOT)/../../../boden-gui/",
					"$(SRCROOT)/../../../boden-gui/deps/harfbuzz/src",
					"$(SRCROOT)/../../../boden-gui/deps/freetype/include",
					"$(SRCROOT)/deps/metal-cpp/",
					"$(SRCROOT)/../../../app",
				);
				INFOPLIST_KEY_NSHumanReadableCopyright = "";
				INFOPLIST_KEY_NSPrincipalClass = NSApplication;
				LD_RUNPATH_SEARCH_PATHS = (
					"$(inherited)",
					"@executable_path/../Frameworks",
				);
				LIBRARY_SEARCH_PATHS = "$(SRCROOT)/../../../build/lib";
				MARKETING_VERSION = 1.0;
				PRODUCT_BUNDLE_IDENTIFIER = "com.kartoffelsoft.osx-ppt";
				PRODUCT_NAME = "$(TARGET_NAME)";
				SWIFT_EMIT_LOC_STRINGS = YES;
			};
			name = Debug;
		};
		BF9758072D6C7873000E9A16 /* Release */ = {
			isa = XCBuildConfiguration;
			buildSettings = {
				ASSETCATALOG_COMPILER_APPICON_NAME = AppIcon;
				ASSETCATALOG_COMPILER_GLOBAL_ACCENT_COLOR_NAME = AccentColor;
				CODE_SIGN_ENTITLEMENTS = "osx-ppt/osx-ppt.entitlements";
				CODE_SIGN_STYLE = Automatic;
				COMBINE_HIDPI_IMAGES = YES;
				CURRENT_PROJECT_VERSION = 1;
				DEAD_CODE_STRIPPING = YES;
				ENABLE_HARDENED_RUNTIME = YES;
				GENERATE_INFOPLIST_FILE = YES;
				HEADER_SEARCH_PATHS = (
					"$(SRCROOT)/../../../boden-gui/",
					"$(SRCROOT)/../../../boden-gui/deps/harfbuzz/src",
					"$(SRCROOT)/../../../boden-gui/deps/freetype/include",
					"$(SRCROOT)/deps/metal-cpp/",
					"$(SRCROOT)/../../../app",
				);
				INFOPLIST_KEY_NSHumanReadableCopyright = "";
				INFOPLIST_KEY_NSPrincipalClass = NSApplication;
				LD_RUNPATH_SEARCH_PATHS = (
					"$(inherited)",
					"@executable_path/../Frameworks",
				);
				LIBRARY_SEARCH_PATHS = "$(SRCROOT)/../../../build/lib";
				MARKETING_VERSION = 1.0;
				PRODUCT_BUNDLE_IDENTIFIER = "com.kartoffelsoft.osx-ppt";
				PRODUCT_NAME = "$(TARGET_NAME)";
				SWIFT_EMIT_LOC_STRINGS = YES;
			};
			name = Release;
		};
/* End XCBuildConfiguration section */

/* Begin XCConfigurationList section */
		BF9757ED2D6C7871000E9A16 /* Build configuration list for PBXProject "osx-ppt" */ = {
			isa = XCConfigurationList;
			buildConfigurations = (
				BF9758032D6C7873000E9A16 /* Debug */,
				BF9758042D6C7873000E9A16 /* Release */,
			);
			defaultConfigurationIsVisible = 0;
			defaultConfigurationName = Release;
		};
		BF9758052D6C7873000E9A16 /* Build configuration list for PBXNativeTarget "osx-ppt" */ = {
			isa = XCConfigurationList;
			buildConfigurations = (
				BF9758062D6C7873000E9A16 /* Debug */,
				BF9758072D6C7873000E9A16 /* Release */,
			);
			defaultConfigurationIsVisible = 0;
			defaultConfigurationName = Release;
		};
/* End XCConfigurationList section */
	};
	rootObject = BF9757EA2D6C7871000E9A16 /* Project object */;
}
